
Microsoft Visual Studio Solution File, Format Version 12.00
# Visual Studio Version 17
VisualStudioVersion = 17.1.32414.318
MinimumVisualStudioVersion = 10.0.40219.1
Project("{FAE04EC0-301F-11D3-BF4B-00C04F79EFBC}") = "TestEmail2", "TestEmail2\TestEmail2.csproj", "{306AC59C-D65F-47DF-A188-323F9F525A03}"
EndProject
Global
	GlobalSection(SolutionConfigurationPlatforms) = preSolution
		Debug|Any CPU = Debug|Any CPU
		Release|Any CPU = Release|Any CPU
	EndGlobalSection
	GlobalSection(ProjectConfigurationPlatforms) = postSolution
		{306AC59C-D65F-47DF-A188-323F9F525A03}.Debug|Any CPU.ActiveCfg = Debug|Any CPU
		{306AC59C-D65F-47DF-A188-323F9F525A03}.Debug|Any CPU.Build.0 = Debug|Any CPU
		{306AC59C-D65F-47DF-A188-323F9F525A03}.Release|Any CPU.ActiveCfg = Release|Any CPU
		{306AC59C-D65F-47DF-A188-323F9F525A03}.Release|Any CPU.Build.0 = Release|Any CPU
	EndGlobalSection
	GlobalSection(SolutionProperties) = preSolution
		HideSolutionNode = FALSE
	EndGlobalSection
	GlobalSection(ExtensibilityGlobals) = postSolution
		SolutionGuid = {BD1B77DB-DF1B-483F-9F87-32345612FC48}
	EndGlobalSection
EndGlobal
